
Microsoft Visual Studio Solution File, Format Version 12.00
# Visual Studio Version 16
VisualStudioVersion = 16.0.30011.22
MinimumVisualStudioVersion = 10.0.40219.1
Project("{FAE04EC0-301F-11D3-BF4B-00C04F79EFBC}") = "BasketKata", "BasketKata.csproj", "{6CDD7452-5024-4E3B-975E-360E06B0705B}"
EndProject
Global
	GlobalSection(SolutionConfigurationPlatforms) = preSolution
		Debug|Any CPU = Debug|Any CPU
		Release|Any CPU = Release|Any CPU
	EndGlobalSection
	GlobalSection(ProjectConfigurationPlatforms) = postSolution
		{6CDD7452-5024-4E3B-975E-360E06B0705B}.Debug|Any CPU.ActiveCfg = Debug|Any CPU
		{6CDD7452-5024-4E3B-975E-360E06B0705B}.Debug|Any CPU.Build.0 = Debug|Any CPU
		{6CDD7452-5024-4E3B-975E-360E06B0705B}.Release|Any CPU.ActiveCfg = Release|Any CPU
		{6CDD7452-5024-4E3B-975E-360E06B0705B}.Release|Any CPU.Build.0 = Release|Any CPU
	EndGlobalSection
	GlobalSection(SolutionProperties) = preSolution
		HideSolutionNode = FALSE
	EndGlobalSection
	GlobalSection(ExtensibilityGlobals) = postSolution
		SolutionGuid = {F57B0422-6AD9-40F0-83D1-16249FB249A8}
	EndGlobalSection
EndGlobal
